{
  "nodes": {
    "actions-languageservices": {
      "flake": false,
      "locked": {
        "lastModified": 1781213744,
        "narHash": "sha256-jvCxEtGIi1DJLXwKGnTbvegEDsyuTN5Box0rWsSPgM8=",
        "owner": "actions",
        "repo": "languageservices",
        "rev": "d431e52c7ed1f07af63de9dfd0b0673fa8579bdf",
        "type": "github"
      },
      "original": {
        "owner": "actions",
        "repo": "languageservices",
        "type": "github"
      }
    },
    "aws-iam-language-server": {
      "inputs": {
        "flake-parts": [
          "mbnvim",
          "flake-parts"
        ],
        "nixpkgs": [
          "mbnvim",
          "nixpkgs"
        ]
      },
      "locked": {
        "lastModified": 1780067157,
        "narHash": "sha256-ON2gYG6vYRaRnke2uOJS7uVy7xRxkvAsqOUH5Xe7a2c=",
        "owner": "mbarneyjr",
        "repo": "aws-iam-language-server",
        "rev": "cab39b6dca10bb8359860ea2b0c7cbd1e5408ea7",
        "type": "github"
      },
      "original": {
        "owner": "mbarneyjr",
        "repo": "aws-iam-language-server",
        "type": "github"
      }
    },
    "awscli2": {
      "flake": false,
      "locked": {
        "lastModified": 1783447889,
        "narHash": "sha256-pAepnjBKB9VWC8E4JgJMHzubMJqXq4pdp3VAN814Els=",
        "owner": "aws",
        "repo": "aws-cli",
        "rev": "b0a12eb29088e551a27be6f05145c480f0151590",
        "type": "github"
      },
      "original": {
        "owner": "aws",
        "ref": "v2",
        "repo": "aws-cli",
        "type": "github"
      }
    },
    "brew-src": {
      "flake": false,
      "locked": {
        "lastModified": 1781226006,
        "narHash": "sha256-w4ZTuOnhYiDxjaynrMTASzp802QblBWmo3wpB8wVN4Y=",
        "owner": "Homebrew",
        "repo": "brew",
        "rev": "109191be4988470b51a60a5ef1998520aa24c01b",
        "type": "github"
      },
      "original": {
        "owner": "Homebrew",
        "ref": "6.0.1",
        "repo": "brew",
        "type": "github"
      }
    },
    "cedar": {
      "flake": false,
      "locked": {
        "lastModified": 1783014668,
        "narHash": "sha256-WdWXXaw947CfIuSRBjUKlBeOd6s6Jzdnr+IPIlanL58=",
        "owner": "cedar-policy",
        "repo": "cedar",
        "rev": "8c091eef6fb2a06db1bfb029206ecd880f16697f",
        "type": "github"
      },
      "original": {
        "owner": "cedar-policy",
        "repo": "cedar",
        "type": "github"
      }
    },
    "cloudformation-languageserver": {
      "flake": false,
      "locked": {
        "lastModified": 1778696343,
        "narHash": "sha256-Oh9fuA3cDd9XWT0FaD4Anadx0CFTL6ggryYhP5pUAKk=",
        "owner": "aws-cloudformation",
        "repo": "cloudformation-languageserver",
        "rev": "4336efa310429dd1355d7d30ae779d06462dea7c",
        "type": "github"
      },
      "original": {
        "owner": "aws-cloudformation",
        "repo": "cloudformation-languageserver",
        "type": "github"
      }
    },
    "crane": {
      "locked": {
        "lastModified": 1773857772,
        "narHash": "sha256-5xsK26KRHf0WytBtsBnQYC/lTWDhQuT57HJ7SzuqZcM=",
        "owner": "ipetkov",
        "repo": "crane",
        "rev": "b556d7bbae5ff86e378451511873dfd07e4504cd",
        "type": "github"
      },
      "original": {
        "owner": "ipetkov",
        "repo": "crane",
        "type": "github"
      }
    },
    "fff-nvim": {
      "inputs": {
        "crane": "crane",
        "flake-utils": "flake-utils",
        "nixpkgs": [
          "mbnvim",
          "nixpkgs"
        ],
        "rust-overlay": "rust-overlay",
        "zig-overlay": "zig-overlay"
      },
      "locked": {
        "lastModified": 1780098964,
        "narHash": "sha256-qWcj0604BWwnwnEQw40KmaSkEH4V/ud/wpGYJw6/PzQ=",
        "owner": "dmtrKovalenko",
        "repo": "fff.nvim",
        "rev": "5e53b6e8cf83913d51a63b54f606b07d6e4de4bc",
        "type": "github"
      },
      "original": {
        "owner": "dmtrKovalenko",
        "repo": "fff.nvim",
        "type": "github"
      }
    },
    "flake-compat": {
      "flake": false,
      "locked": {
        "lastModified": 1696426674,
        "narHash": "sha256-kvjfFW7WAETZlt09AgDn1MrtKzP7t90Vf7vypd3OL1U=",
        "owner": "edolstra",
        "repo": "flake-compat",
        "rev": "0f9255e01c2351cc7d116c072cb317785dd33b33",
        "type": "github"
      },
      "original": {
        "owner": "edolstra",
        "repo": "flake-compat",
        "type": "github"
      }
    },
    "flake-parts": {
      "inputs": {
        "nixpkgs-lib": "nixpkgs-lib"
      },
      "locked": {
        "lastModified": 1782949081,
        "narHash": "sha256-vp6Y/Grm98ESt6ceOkWiHWyZRDV3J1RID4w+6NWK9yA=",
        "owner": "hercules-ci",
        "repo": "flake-parts",
        "rev": "17c9d6cdfc60c64f4ee8d306f9bc0b4ccb51481e",
        "type": "github"
      },
      "original": {
        "owner": "hercules-ci",
        "repo": "flake-parts",
        "type": "github"
      }
    },
    "flake-parts_2": {
      "inputs": {
        "nixpkgs-lib": "nixpkgs-lib_2"
      },
      "locked": {
        "lastModified": 1772408722,
        "narHash": "sha256-rHuJtdcOjK7rAHpHphUb1iCvgkU3GpfvicLMwwnfMT0=",
        "owner": "hercules-ci",
        "repo": "flake-parts",
        "rev": "f20dc5d9b8027381c474144ecabc9034d6a839a3",
        "type": "github"
      },
      "original": {
        "owner": "hercules-ci",
        "repo": "flake-parts",
        "type": "github"
      }
    },
    "flake-parts_3": {
      "inputs": {
        "nixpkgs-lib": "nixpkgs-lib_3"
      },
      "locked": {
        "lastModified": 1778716662,
        "narHash": "sha256-m1Yf0wZ8j1OHjTc2UwHwyQRSnNeSgLJOd7q5Y45hzi4=",
        "owner": "hercules-ci",
        "repo": "flake-parts",
        "rev": "f7c1a2d347e4c52d5fb8d10cb4d94b5884e546fb",
        "type": "github"
      },
      "original": {
        "owner": "hercules-ci",
        "repo": "flake-parts",
        "type": "github"
      }
    },
    "flake-utils": {
      "inputs": {
        "systems": "systems"
      },
      "locked": {
        "lastModified": 1731533236,
        "narHash": "sha256-l0KFg5HjrsfsO/JpG+r7fRrqm12kzFHyUHqHCVpMMbI=",
        "owner": "numtide",
        "repo": "flake-utils",
        "rev": "11707dc2f618dd54ca8739b309ec4fc024de578b",
        "type": "github"
      },
      "original": {
        "owner": "numtide",
        "repo": "flake-utils",
        "type": "github"
      }
    },
    "gcalsync": {
      "inputs": {
        "flake-parts": "flake-parts_2",
        "nixpkgs": [
          "nixpkgs"
        ]
      },
      "locked": {
        "lastModified": 1781034483,
        "narHash": "sha256-npr6L5wehUF9EkM5wn5BqMRK9b802uneH7qJqvwP1qM=",
        "owner": "mbarneyjr",
        "repo": "gcalsync",
        "rev": "49c69fbd0c6e56e6c6b9c93e24d3ddd38287ecd9",
        "type": "github"
      },
      "original": {
        "owner": "mbarneyjr",
        "repo": "gcalsync",
        "type": "github"
      }
    },
    "home-manager": {
      "inputs": {
        "nixpkgs": [
          "nixpkgs"
        ]
      },
      "locked": {
        "lastModified": 1783436070,
        "narHash": "sha256-F80z1JoiJgZyTT5D+3siLOVzqmCEphLR7t0Ym/I2CLI=",
        "owner": "nix-community",
        "repo": "home-manager",
        "rev": "f09af49406ffad37acb6538d3207189a1a1e0b7e",
        "type": "github"
      },
      "original": {
        "owner": "nix-community",
        "ref": "master",
        "repo": "home-manager",
        "type": "github"
      }
    },
    "homebrew-cask": {
      "flake": false,
      "locked": {
        "lastModified": 1783455886,
        "narHash": "sha256-QNfpEb7vy0PLSNwUlaTk9TzkOnAZ89cEDQD9GZmvzkc=",
        "owner": "homebrew",
        "repo": "homebrew-cask",
        "rev": "803a288b1fed25b8e8c606dfad65881f54c78c05",
        "type": "github"
      },
      "original": {
        "owner": "homebrew",
        "repo": "homebrew-cask",
        "type": "github"
      }
    },
    "homebrew-core": {
      "flake": false,
      "locked": {
        "lastModified": 1783452436,
        "narHash": "sha256-DYA706AfSjbK1U8OOBdAtUAOsmsizsnQqXna8swBWH8=",
        "owner": "homebrew",
        "repo": "homebrew-core",
        "rev": "10337882d491f362de4651ce05ca4f28229b78c8",
        "type": "github"
      },
      "original": {
        "owner": "homebrew",
        "repo": "homebrew-core",
        "type": "github"
      }
    },
    "import-tree": {
      "locked": {
        "lastModified": 1778781969,
        "narHash": "sha256-Jjuz5CmSkur8KvLDoGa+vylEp+RkQtv4mt/qcMznpH0=",
        "owner": "vic",
        "repo": "import-tree",
        "rev": "d321337efd0f23a9eb14a42adb7b2c29313ab274",
        "type": "github"
      },
      "original": {
        "owner": "vic",
        "repo": "import-tree",
        "type": "github"
      }
    },
    "import-tree_2": {
      "locked": {
        "lastModified": 1778781969,
        "narHash": "sha256-Jjuz5CmSkur8KvLDoGa+vylEp+RkQtv4mt/qcMznpH0=",
        "owner": "vic",
        "repo": "import-tree",
        "rev": "d321337efd0f23a9eb14a42adb7b2c29313ab274",
        "type": "github"
      },
      "original": {
        "owner": "vic",
        "repo": "import-tree",
        "type": "github"
      }
    },
    "lsplinks-nvim": {
      "flake": false,
      "locked": {
        "lastModified": 1736178628,
        "narHash": "sha256-o7/tIN6jQXP4APgPcdvymjMyOHOTwimUe7aevEwpoGc=",
        "owner": "icholy",
        "repo": "lsplinks.nvim",
        "rev": "94d729170e95298ce86ba41ef66f8756f6062b34",
        "type": "github"
      },
      "original": {
        "owner": "icholy",
        "repo": "lsplinks.nvim",
        "type": "github"
      }
    },
    "mbnvim": {
      "inputs": {
        "actions-languageservices": "actions-languageservices",
        "aws-iam-language-server": "aws-iam-language-server",
        "cedar": "cedar",
        "cloudformation-languageserver": "cloudformation-languageserver",
        "fff-nvim": "fff-nvim",
        "flake-parts": "flake-parts_3",
        "import-tree": "import-tree_2",
        "lsplinks-nvim": "lsplinks-nvim",
        "nixpkgs": [
          "nixpkgs"
        ],
        "nvim-ts-context-commentstring": "nvim-ts-context-commentstring",
        "tmux-language-server": "tmux-language-server",
        "tree-sitter-tmux": "tree-sitter-tmux"
      },
      "locked": {
        "lastModified": 1783451352,
        "narHash": "sha256-ZWJ7AKItBNOx7pqp09kaMf528c21zBBrBxAliC3AjXs=",
        "owner": "mbarneyjr",
        "repo": "mbnvim",
        "rev": "b1c82b1f263bd6831863806a88e396ac9cd611ff",
        "type": "github"
      },
      "original": {
        "owner": "mbarneyjr",
        "repo": "mbnvim",
        "type": "github"
      }
    },
    "nix-darwin": {
      "inputs": {
        "nixpkgs": [
          "nixpkgs"
        ]
      },
      "locked": {
        "lastModified": 1783395956,
        "narHash": "sha256-AAbexQvDoK+6GFJdhY6kqjA+6ECKRkidgWxkn4gMwAA=",
        "owner": "LnL7",
        "repo": "nix-darwin",
        "rev": "d5bd9cd77aea4c0a8f49e7fd85545671a208ed15",
        "type": "github"
      },
      "original": {
        "owner": "LnL7",
        "ref": "master",
        "repo": "nix-darwin",
        "type": "github"
      }
    },
    "nix-homebrew": {
      "inputs": {
        "brew-src": "brew-src"
      },
      "locked": {
        "lastModified": 1781389246,
        "narHash": "sha256-ORqLAo/hoJdsZC7UPAuEHev6S0+XIqKEC7vjo5prz1k=",
        "owner": "zhaofengli-wip",
        "repo": "nix-homebrew",
        "rev": "de7953a08ed4bb9245be043e468561c17b89130d",
        "type": "github"
      },
      "original": {
        "owner": "zhaofengli-wip",
        "repo": "nix-homebrew",
        "type": "github"
      }
    },
    "nixpkgs": {
      "locked": {
        "lastModified": 1783279667,
        "narHash": "sha256-/NAkDSsve+GNM0Bt6tleJdCGfsTlK89nPjkVOzZMo0s=",
        "owner": "NixOS",
        "repo": "nixpkgs",
        "rev": "f205b5574fd0cb7da5b702a2da51507b7f4fdd1b",
        "type": "github"
      },
      "original": {
        "owner": "NixOS",
        "ref": "nixpkgs-unstable",
        "repo": "nixpkgs",
        "type": "github"
      }
    },
    "nixpkgs-lib": {
      "locked": {
        "lastModified": 1782614948,
        "narHash": "sha256-ePjCwr1sNm9NYUqywL7QfK3JnlS015msC+eBu2zKlp8=",
        "owner": "nix-community",
        "repo": "nixpkgs.lib",
        "rev": "db3f255737b94216eb71cce308e2912cf6bc2d7c",
        "type": "github"
      },
      "original": {
        "owner": "nix-community",
        "repo": "nixpkgs.lib",
        "type": "github"
      }
    },
    "nixpkgs-lib_2": {
      "locked": {
        "lastModified": 1772328832,
        "narHash": "sha256-e+/T/pmEkLP6BHhYjx6GmwP5ivonQQn0bJdH9YrRB+Q=",
        "owner": "nix-community",
        "repo": "nixpkgs.lib",
        "rev": "c185c7a5e5dd8f9add5b2f8ebeff00888b070742",
        "type": "github"
      },
      "original": {
        "owner": "nix-community",
        "repo": "nixpkgs.lib",
        "type": "github"
      }
    },
    "nixpkgs-lib_3": {
      "locked": {
        "lastModified": 1777168982,
        "narHash": "sha256-GOkGPcboWE9BmGCRMLX3worL4EMnsnG8MyKmXNeYuhQ=",
        "owner": "nix-community",
        "repo": "nixpkgs.lib",
        "rev": "f5901329dade4a6ea039af1433fb087bd9c1fe14",
        "type": "github"
      },
      "original": {
        "owner": "nix-community",
        "repo": "nixpkgs.lib",
        "type": "github"
      }
    },
    "nvim-ts-context-commentstring": {
      "flake": false,
      "locked": {
        "lastModified": 1775325282,
        "narHash": "sha256-UsfhWgOJ+SpqyA8D6Pckq5w1n+qVjK51K0rXYQvjqMw=",
        "owner": "JoosepAlviste",
        "repo": "nvim-ts-context-commentstring",
        "rev": "6141a40173c6efa98242dc951ed4b6f892c97027",
        "type": "github"
      },
      "original": {
        "owner": "JoosepAlviste",
        "repo": "nvim-ts-context-commentstring",
        "type": "github"
      }
    },
    "root": {
      "inputs": {
        "awscli2": "awscli2",
        "flake-parts": "flake-parts",
        "gcalsync": "gcalsync",
        "home-manager": "home-manager",
        "homebrew-cask": "homebrew-cask",
        "homebrew-core": "homebrew-core",
        "import-tree": "import-tree",
        "mbnvim": "mbnvim",
        "nix-darwin": "nix-darwin",
        "nix-homebrew": "nix-homebrew",
        "nixpkgs": "nixpkgs"
      }
    },
    "rust-overlay": {
      "inputs": {
        "nixpkgs": [
          "mbnvim",
          "fff-nvim",
          "nixpkgs"
        ]
      },
      "locked": {
        "lastModified": 1773803479,
        "narHash": "sha256-GD6i1F2vrSxbsmbS92+8+x3DbHOJ+yrS78Pm4xigW4M=",
        "owner": "oxalica",
        "repo": "rust-overlay",
        "rev": "f17186f52e82ec5cf40920b58eac63b78692ac7c",
        "type": "github"
      },
      "original": {
        "owner": "oxalica",
        "repo": "rust-overlay",
        "type": "github"
      }
    },
    "systems": {
      "locked": {
        "lastModified": 1681028828,
        "narHash": "sha256-Vy1rq5AaRuLzOxct8nz4T6wlgyUR7zLU309k9mBC768=",
        "owner": "nix-systems",
        "repo": "default",
        "rev": "da67096a3b9bf56a91d16901293e51ba5b49a27e",
        "type": "github"
      },
      "original": {
        "owner": "nix-systems",
        "repo": "default",
        "type": "github"
      }
    },
    "systems_2": {
      "flake": false,
      "locked": {
        "lastModified": 1681028828,
        "narHash": "sha256-Vy1rq5AaRuLzOxct8nz4T6wlgyUR7zLU309k9mBC768=",
        "owner": "nix-systems",
        "repo": "default",
        "rev": "da67096a3b9bf56a91d16901293e51ba5b49a27e",
        "type": "github"
      },
      "original": {
        "owner": "nix-systems",
        "repo": "default",
        "type": "github"
      }
    },
    "tmux-language-server": {
      "flake": false,
      "locked": {
        "lastModified": 1763452180,
        "narHash": "sha256-FQaSJ+KuwOmsQBHWrsPkHOdwCD8M8pzUfZK6zeMNlLU=",
        "owner": "Freed-Wu",
        "repo": "tmux-language-server",
        "rev": "a31be64d854faa6a651cfb8058882e58c60bb44f",
        "type": "github"
      },
      "original": {
        "owner": "Freed-Wu",
        "repo": "tmux-language-server",
        "type": "github"
      }
    },
    "tree-sitter-tmux": {
      "flake": false,
      "locked": {
        "lastModified": 1761219351,
        "narHash": "sha256-LdXPdijcsfPYIrbTMDIy46wqOaJfxwVBVpOVVfXrJIg=",
        "owner": "Freed-Wu",
        "repo": "tree-sitter-tmux",
        "rev": "75d1b995b0c23400ac8e49db757a2e0386f9fa8f",
        "type": "github"
      },
      "original": {
        "owner": "Freed-Wu",
        "repo": "tree-sitter-tmux",
        "type": "github"
      }
    },
    "zig-overlay": {
      "inputs": {
        "flake-compat": "flake-compat",
        "nixpkgs": [
          "mbnvim",
          "fff-nvim",
          "nixpkgs"
        ],
        "systems": "systems_2"
      },
      "locked": {
        "lastModified": 1776789209,
        "narHash": "sha256-G6B7Q4TXn7MZ1mB+f9rymjsYF5PLWoSvmbxijb/99bw=",
        "owner": "mitchellh",
        "repo": "zig-overlay",
        "rev": "14fe971844e841297ddd2ce9783d6892b467af39",
        "type": "github"
      },
      "original": {
        "owner": "mitchellh",
        "repo": "zig-overlay",
        "type": "github"
      }
    }
  },
  "root": "root",
  "version": 7
}
